{
  "name": "chrome-extension",
  "version": "1.0.0",
  "lockfileVersion": 2,
  "requires": true,
  "packages": {
    "": {
      "name": "chrome-extension",
      "version": "1.0.0",
      "license": "ISC",
      "dependencies": {
        "@types/chrome": "^0.0.148",
        "types": "^0.1.1"
      }
    },
    "node_modules/@types/chrome": {
      "version": "0.0.148",
      "resolved": "https://registry.npmjs.org/@types/chrome/-/chrome-0.0.148.tgz",
      "integrity": "sha512-CiQreYyTemJuwWbW/vgtnx32c50yXfqnxYj6aXMU+O/c9XHDOB6ILbzIl4Ngs430T1HdzcdpsxIZXKesDADJwg==",
      "dependencies": {
        "@types/filesystem": "*",
        "@types/har-format": "*"
      }
    },
    "node_modules/@types/filesystem": {
      "version": "0.0.32",
      "resolved": "https://registry.npmjs.org/@types/filesystem/-/filesystem-0.0.32.tgz",
      "integrity": "sha512-Yuf4jR5YYMR2DVgwuCiP11s0xuVRyPKmz8vo6HBY3CGdeMj8af93CFZX+T82+VD1+UqHOxTq31lO7MI7lepBtQ==",
      "dependencies": {
        "@types/filewriter": "*"
      }
    },
    "node_modules/@types/filewriter": {
      "version": "0.0.29",
      "resolved": "https://registry.npmjs.org/@types/filewriter/-/filewriter-0.0.29.tgz",
      "integrity": "sha512-BsPXH/irW0ht0Ji6iw/jJaK8Lj3FJemon2gvEqHKpCdDCeemHa+rI3WBGq5z7cDMZgoLjY40oninGxqk+8NzNQ=="
    },
    "node_modules/@types/har-format": {
      "version": "1.2.7",
      "resolved": "https://registry.npmjs.org/@types/har-format/-/har-format-1.2.7.tgz",
      "integrity": "sha512-/TPzUG0tJn5x1TUcVLlDx2LqbE58hyOzDVAc9kf8SpOEmguHjU6bKUyfqb211AdqLOmU/SNyXvLKPNP5qTlfRw=="
    },
    "node_modules/types": {
      "version": "0.1.1",
      "resolved": "https://registry.npmjs.org/types/-/types-0.1.1.tgz",
      "integrity": "sha1-hgxoWdETZik/g12Mla68+VApg44=",
      "engines": {
        "node": ">= 0.6.0"
      }
    }
  },
  "dependencies": {
    "@types/chrome": {
      "version": "0.0.148",
      "resolved": "https://registry.npmjs.org/@types/chrome/-/chrome-0.0.148.tgz",
      "integrity": "sha512-CiQreYyTemJuwWbW/vgtnx32c50yXfqnxYj6aXMU+O/c9XHDOB6ILbzIl4Ngs430T1HdzcdpsxIZXKesDADJwg==",
      "requires": {
        "@types/filesystem": "*",
        "@types/har-format": "*"
      }
    },
    "@types/filesystem": {
      "version": "0.0.32",
      "resolved": "https://registry.npmjs.org/@types/filesystem/-/filesystem-0.0.32.tgz",
      "integrity": "sha512-Yuf4jR5YYMR2DVgwuCiP11s0xuVRyPKmz8vo6HBY3CGdeMj8af93CFZX+T82+VD1+UqHOxTq31lO7MI7lepBtQ==",
      "requires": {
        "@types/filewriter": "*"
      }
    },
    "@types/filewriter": {
      "version": "0.0.29",
      "resolved": "https://registry.npmjs.org/@types/filewriter/-/filewriter-0.0.29.tgz",
      "integrity": "sha512-BsPXH/irW0ht0Ji6iw/jJaK8Lj3FJemon2gvEqHKpCdDCeemHa+rI3WBGq5z7cDMZgoLjY40oninGxqk+8NzNQ=="
    },
    "@types/har-format": {
      "version": "1.2.7",
      "resolved": "https://registry.npmjs.org/@types/har-format/-/har-format-1.2.7.tgz",
      "integrity": "sha512-/TPzUG0tJn5x1TUcVLlDx2LqbE58hyOzDVAc9kf8SpOEmguHjU6bKUyfqb211AdqLOmU/SNyXvLKPNP5qTlfRw=="
    },
    "types": {
      "version": "0.1.1",
      "resolved": "https://registry.npmjs.org/types/-/types-0.1.1.tgz",
      "integrity": "sha1-hgxoWdETZik/g12Mla68+VApg44="
    }
  }
}
